
Microsoft Visual Studio Solution File, Format Version 9.00
# Visual Studio 2005
Project("{54435603-DBB4-11D2-8724-00A0C9A8B90C}") = "University Management Solutions", "University Management Solutions\University Management Solutions.vdproj", "{EF28F068-2AA0-431C-885A-1113D93CEF5C}"
EndProject
Global
	GlobalSection(SolutionConfigurationPlatforms) = preSolution
		Debug|Default = Debug|Default
		Release|Default = Release|Default
	EndGlobalSection
	GlobalSection(ProjectConfigurationPlatforms) = postSolution
		{EF28F068-2AA0-431C-885A-1113D93CEF5C}.Debug|Default.ActiveCfg = Debug
		{EF28F068-2AA0-431C-885A-1113D93CEF5C}.Debug|Default.Build.0 = Debug
		{EF28F068-2AA0-431C-885A-1113D93CEF5C}.Release|Default.ActiveCfg = Release
		{EF28F068-2AA0-431C-885A-1113D93CEF5C}.Release|Default.Build.0 = Release
	EndGlobalSection
	GlobalSection(SolutionProperties) = preSolution
		HideSolutionNode = FALSE
	EndGlobalSection
EndGlobal
