
Microsoft Visual Studio Solution File, Format Version 12.00
# Visual Studio 15
VisualStudioVersion = 15.0.27703.2000
MinimumVisualStudioVersion = 10.0.40219.1
Project("{2150E333-8FDC-42A3-9474-1A3956D46DE8}") = "Accounting", "Accounting", "{5785F648-BA7E-4678-B550-C0A68084CB74}"
EndProject
Project("{2150E333-8FDC-42A3-9474-1A3956D46DE8}") = "Administrator", "Administrator", "{E26DF3D5-D139-49F7-9B80-0596FC6A2281}"
EndProject
Project("{2150E333-8FDC-42A3-9474-1A3956D46DE8}") = "Attendance", "Attendance", "{6E3CDD37-0839-4D9F-8A75-4A52BA233844}"
EndProject
Project("{FAE04EC0-301F-11D3-BF4B-00C04F79EFBC}") = "AccountingServices", "src\Accounting\AccountingServices\AccountingServices.csproj", "{EAF937A0-1025-496A-ABEA-EDE2FBC1954D}"
EndProject
Project("{FAE04EC0-301F-11D3-BF4B-00C04F79EFBC}") = "AdministratorServices", "src\Administrator\AdministratorServices\AdministratorServices.csproj", "{80342C3D-AE56-4658-A45C-10805C4A9000}"
EndProject
Project("{FAE04EC0-301F-11D3-BF4B-00C04F79EFBC}") = "AttendaceServices", "src\Attendance\AttendaceServices\AttendaceServices.csproj", "{91F9E5EE-2791-46A8-A9D1-DDBC9D6DFE06}"
EndProject
Project("{FAE04EC0-301F-11D3-BF4B-00C04F79EFBC}") = "IdentificationServices", "src\Attendance\IdentificationServices\IdentificationServices.csproj", "{567E31B0-B1F6-4368-9CAA-351B2722B5D3}"
EndProject
Project("{2150E333-8FDC-42A3-9474-1A3956D46DE8}") = "Base", "Base", "{1E440226-EB34-44F9-AFB6-05C6C325C722}"
EndProject
Project("{FAE04EC0-301F-11D3-BF4B-00C04F79EFBC}") = "BaseServices", "src\Base\BaseServices\BaseServices.csproj", "{FDD1D08C-7003-4710-B5CE-92D808B5D1E8}"
EndProject
Project("{2150E333-8FDC-42A3-9474-1A3956D46DE8}") = "Campus-Access", "Campus-Access", "{4C4ADC6C-9E22-46E8-BA97-50C823032CE4}"
EndProject
Project("{FAE04EC0-301F-11D3-BF4B-00C04F79EFBC}") = "CampusAccessServices", "src\Campus-Access\CampusAccessServices\CampusAccessServices.csproj", "{CD047A50-81E5-4B2A-AFDA-F868C781A3B6}"
EndProject
Project("{2150E333-8FDC-42A3-9474-1A3956D46DE8}") = "Core", "Core", "{C5AA335D-9610-47D8-ADFE-D14743C30348}"
EndProject
Project("{FAE04EC0-301F-11D3-BF4B-00C04F79EFBC}") = "UniversityManagementSolution", "src\Core\UniversityManagementSolution\UniversityManagementSolution.csproj", "{78EF9AAC-D067-4E39-8D8A-E246F630021A}"
EndProject
Project("{2150E333-8FDC-42A3-9474-1A3956D46DE8}") = "Finance", "Finance", "{1238D65C-67D9-4497-AD3E-28BAC4587AAC}"
EndProject
Project("{FAE04EC0-301F-11D3-BF4B-00C04F79EFBC}") = "FinanceServices", "src\Finance\FinanceServices\FinanceServices.csproj", "{DAC60546-A88A-4668-B7ED-FAFCB33AEFCE}"
EndProject
Project("{FAE04EC0-301F-11D3-BF4B-00C04F79EFBC}") = "ImportInterBaseStudentData", "src\Finance\ImportInterBaseStudentData\ImportInterBaseStudentData.csproj", "{6ABC8945-7274-4709-A152-D003FDD4A1B2}"
EndProject
Project("{2150E333-8FDC-42A3-9474-1A3956D46DE8}") = "Office", "Office", "{F54A8262-31B6-4DF3-9DFF-86E746D61CFB}"
EndProject
Project("{FAE04EC0-301F-11D3-BF4B-00C04F79EFBC}") = "OfficeServices", "src\Office\OfficeServices\OfficeServices.csproj", "{8BF75C21-6940-4A88-94A4-BA2C1A74862D}"
EndProject
Project("{2150E333-8FDC-42A3-9474-1A3956D46DE8}") = "Payroll", "Payroll", "{E7014CB4-0927-4E3C-9E8F-D1FD395909E0}"
EndProject
Project("{FAE04EC0-301F-11D3-BF4B-00C04F79EFBC}") = "EmployeeServices", "src\Payroll\EmployeeServices\EmployeeServices.csproj", "{8AFB6335-F596-41AB-85B0-668B19142BFE}"
EndProject
Project("{2150E333-8FDC-42A3-9474-1A3956D46DE8}") = "Registrar", "Registrar", "{0457D290-43D5-4FB9-99BF-DDAF3FBCA754}"
EndProject
Project("{FAE04EC0-301F-11D3-BF4B-00C04F79EFBC}") = "RegistrarServices", "src\Registrar\RegistrarServices\RegistrarServices.csproj", "{4854A105-A5D0-46E1-9720-B5D31C7A28AA}"
EndProject
Project("{FAE04EC0-301F-11D3-BF4B-00C04F79EFBC}") = "UMSCampusAccessUpdater", "src\UMSCampusAccessUpdater\UMSCampusAccessUpdater.csproj", "{2E6EC5CE-2FF7-43DD-A326-2E77367D465F}"
EndProject
Project("{2150E333-8FDC-42A3-9474-1A3956D46DE8}") = "Client-Updater", "Client-Updater", "{B2CB3D16-90F7-4652-B5E5-3B93D53948A3}"
EndProject
Project("{FAE04EC0-301F-11D3-BF4B-00C04F79EFBC}") = "UmsUpdater", "src\UmsUpdater\UmsUpdater.csproj", "{9521B0A7-0EEA-49C4-98CF-056E09CAC541}"
EndProject
Global
	GlobalSection(SolutionConfigurationPlatforms) = preSolution
		Debug|Any CPU = Debug|Any CPU
		Release|Any CPU = Release|Any CPU
	EndGlobalSection
	GlobalSection(ProjectConfigurationPlatforms) = postSolution
		{EAF937A0-1025-496A-ABEA-EDE2FBC1954D}.Debug|Any CPU.ActiveCfg = Debug|Any CPU
		{EAF937A0-1025-496A-ABEA-EDE2FBC1954D}.Debug|Any CPU.Build.0 = Debug|Any CPU
		{EAF937A0-1025-496A-ABEA-EDE2FBC1954D}.Release|Any CPU.ActiveCfg = Release|Any CPU
		{EAF937A0-1025-496A-ABEA-EDE2FBC1954D}.Release|Any CPU.Build.0 = Release|Any CPU
		{80342C3D-AE56-4658-A45C-10805C4A9000}.Debug|Any CPU.ActiveCfg = Debug|Any CPU
		{80342C3D-AE56-4658-A45C-10805C4A9000}.Debug|Any CPU.Build.0 = Debug|Any CPU
		{80342C3D-AE56-4658-A45C-10805C4A9000}.Release|Any CPU.ActiveCfg = Release|Any CPU
		{80342C3D-AE56-4658-A45C-10805C4A9000}.Release|Any CPU.Build.0 = Release|Any CPU
		{91F9E5EE-2791-46A8-A9D1-DDBC9D6DFE06}.Debug|Any CPU.ActiveCfg = Debug|Any CPU
		{91F9E5EE-2791-46A8-A9D1-DDBC9D6DFE06}.Debug|Any CPU.Build.0 = Debug|Any CPU
		{91F9E5EE-2791-46A8-A9D1-DDBC9D6DFE06}.Release|Any CPU.ActiveCfg = Release|Any CPU
		{91F9E5EE-2791-46A8-A9D1-DDBC9D6DFE06}.Release|Any CPU.Build.0 = Release|Any CPU
		{567E31B0-B1F6-4368-9CAA-351B2722B5D3}.Debug|Any CPU.ActiveCfg = Debug|Any CPU
		{567E31B0-B1F6-4368-9CAA-351B2722B5D3}.Debug|Any CPU.Build.0 = Debug|Any CPU
		{567E31B0-B1F6-4368-9CAA-351B2722B5D3}.Release|Any CPU.ActiveCfg = Release|Any CPU
		{567E31B0-B1F6-4368-9CAA-351B2722B5D3}.Release|Any CPU.Build.0 = Release|Any CPU
		{FDD1D08C-7003-4710-B5CE-92D808B5D1E8}.Debug|Any CPU.ActiveCfg = Debug|Any CPU
		{FDD1D08C-7003-4710-B5CE-92D808B5D1E8}.Debug|Any CPU.Build.0 = Debug|Any CPU
		{FDD1D08C-7003-4710-B5CE-92D808B5D1E8}.Release|Any CPU.ActiveCfg = Release|Any CPU
		{FDD1D08C-7003-4710-B5CE-92D808B5D1E8}.Release|Any CPU.Build.0 = Release|Any CPU
		{CD047A50-81E5-4B2A-AFDA-F868C781A3B6}.Debug|Any CPU.ActiveCfg = Debug|Any CPU
		{CD047A50-81E5-4B2A-AFDA-F868C781A3B6}.Debug|Any CPU.Build.0 = Debug|Any CPU
		{CD047A50-81E5-4B2A-AFDA-F868C781A3B6}.Release|Any CPU.ActiveCfg = Release|Any CPU
		{CD047A50-81E5-4B2A-AFDA-F868C781A3B6}.Release|Any CPU.Build.0 = Release|Any CPU
		{78EF9AAC-D067-4E39-8D8A-E246F630021A}.Debug|Any CPU.ActiveCfg = Debug|Any CPU
		{78EF9AAC-D067-4E39-8D8A-E246F630021A}.Debug|Any CPU.Build.0 = Debug|Any CPU
		{78EF9AAC-D067-4E39-8D8A-E246F630021A}.Release|Any CPU.ActiveCfg = Release|Any CPU
		{78EF9AAC-D067-4E39-8D8A-E246F630021A}.Release|Any CPU.Build.0 = Release|Any CPU
		{DAC60546-A88A-4668-B7ED-FAFCB33AEFCE}.Debug|Any CPU.ActiveCfg = Debug|Any CPU
		{DAC60546-A88A-4668-B7ED-FAFCB33AEFCE}.Debug|Any CPU.Build.0 = Debug|Any CPU
		{DAC60546-A88A-4668-B7ED-FAFCB33AEFCE}.Release|Any CPU.ActiveCfg = Release|Any CPU
		{DAC60546-A88A-4668-B7ED-FAFCB33AEFCE}.Release|Any CPU.Build.0 = Release|Any CPU
		{6ABC8945-7274-4709-A152-D003FDD4A1B2}.Debug|Any CPU.ActiveCfg = Debug|Any CPU
		{6ABC8945-7274-4709-A152-D003FDD4A1B2}.Debug|Any CPU.Build.0 = Debug|Any CPU
		{6ABC8945-7274-4709-A152-D003FDD4A1B2}.Release|Any CPU.ActiveCfg = Release|Any CPU
		{6ABC8945-7274-4709-A152-D003FDD4A1B2}.Release|Any CPU.Build.0 = Release|Any CPU
		{8BF75C21-6940-4A88-94A4-BA2C1A74862D}.Debug|Any CPU.ActiveCfg = Debug|Any CPU
		{8BF75C21-6940-4A88-94A4-BA2C1A74862D}.Debug|Any CPU.Build.0 = Debug|Any CPU
		{8BF75C21-6940-4A88-94A4-BA2C1A74862D}.Release|Any CPU.ActiveCfg = Release|Any CPU
		{8BF75C21-6940-4A88-94A4-BA2C1A74862D}.Release|Any CPU.Build.0 = Release|Any CPU
		{8AFB6335-F596-41AB-85B0-668B19142BFE}.Debug|Any CPU.ActiveCfg = Debug|Any CPU
		{8AFB6335-F596-41AB-85B0-668B19142BFE}.Debug|Any CPU.Build.0 = Debug|Any CPU
		{8AFB6335-F596-41AB-85B0-668B19142BFE}.Release|Any CPU.ActiveCfg = Release|Any CPU
		{8AFB6335-F596-41AB-85B0-668B19142BFE}.Release|Any CPU.Build.0 = Release|Any CPU
		{4854A105-A5D0-46E1-9720-B5D31C7A28AA}.Debug|Any CPU.ActiveCfg = Debug|Any CPU
		{4854A105-A5D0-46E1-9720-B5D31C7A28AA}.Debug|Any CPU.Build.0 = Debug|Any CPU
		{4854A105-A5D0-46E1-9720-B5D31C7A28AA}.Release|Any CPU.ActiveCfg = Release|Any CPU
		{4854A105-A5D0-46E1-9720-B5D31C7A28AA}.Release|Any CPU.Build.0 = Release|Any CPU
		{2E6EC5CE-2FF7-43DD-A326-2E77367D465F}.Debug|Any CPU.ActiveCfg = Debug|Any CPU
		{2E6EC5CE-2FF7-43DD-A326-2E77367D465F}.Debug|Any CPU.Build.0 = Debug|Any CPU
		{2E6EC5CE-2FF7-43DD-A326-2E77367D465F}.Release|Any CPU.ActiveCfg = Release|Any CPU
		{2E6EC5CE-2FF7-43DD-A326-2E77367D465F}.Release|Any CPU.Build.0 = Release|Any CPU
		{9521B0A7-0EEA-49C4-98CF-056E09CAC541}.Debug|Any CPU.ActiveCfg = Debug|Any CPU
		{9521B0A7-0EEA-49C4-98CF-056E09CAC541}.Debug|Any CPU.Build.0 = Debug|Any CPU
		{9521B0A7-0EEA-49C4-98CF-056E09CAC541}.Release|Any CPU.ActiveCfg = Release|Any CPU
		{9521B0A7-0EEA-49C4-98CF-056E09CAC541}.Release|Any CPU.Build.0 = Release|Any CPU
	EndGlobalSection
	GlobalSection(SolutionProperties) = preSolution
		HideSolutionNode = FALSE
	EndGlobalSection
	GlobalSection(NestedProjects) = preSolution
		{EAF937A0-1025-496A-ABEA-EDE2FBC1954D} = {5785F648-BA7E-4678-B550-C0A68084CB74}
		{80342C3D-AE56-4658-A45C-10805C4A9000} = {E26DF3D5-D139-49F7-9B80-0596FC6A2281}
		{91F9E5EE-2791-46A8-A9D1-DDBC9D6DFE06} = {6E3CDD37-0839-4D9F-8A75-4A52BA233844}
		{567E31B0-B1F6-4368-9CAA-351B2722B5D3} = {6E3CDD37-0839-4D9F-8A75-4A52BA233844}
		{FDD1D08C-7003-4710-B5CE-92D808B5D1E8} = {1E440226-EB34-44F9-AFB6-05C6C325C722}
		{CD047A50-81E5-4B2A-AFDA-F868C781A3B6} = {4C4ADC6C-9E22-46E8-BA97-50C823032CE4}
		{78EF9AAC-D067-4E39-8D8A-E246F630021A} = {C5AA335D-9610-47D8-ADFE-D14743C30348}
		{DAC60546-A88A-4668-B7ED-FAFCB33AEFCE} = {1238D65C-67D9-4497-AD3E-28BAC4587AAC}
		{6ABC8945-7274-4709-A152-D003FDD4A1B2} = {1238D65C-67D9-4497-AD3E-28BAC4587AAC}
		{8BF75C21-6940-4A88-94A4-BA2C1A74862D} = {F54A8262-31B6-4DF3-9DFF-86E746D61CFB}
		{8AFB6335-F596-41AB-85B0-668B19142BFE} = {E7014CB4-0927-4E3C-9E8F-D1FD395909E0}
		{4854A105-A5D0-46E1-9720-B5D31C7A28AA} = {0457D290-43D5-4FB9-99BF-DDAF3FBCA754}
		{2E6EC5CE-2FF7-43DD-A326-2E77367D465F} = {B2CB3D16-90F7-4652-B5E5-3B93D53948A3}
		{9521B0A7-0EEA-49C4-98CF-056E09CAC541} = {B2CB3D16-90F7-4652-B5E5-3B93D53948A3}
	EndGlobalSection
	GlobalSection(ExtensibilityGlobals) = postSolution
		SolutionGuid = {56D54F1D-12D9-4945-B2B7-2BB6299A436A}
	EndGlobalSection
EndGlobal
