
Microsoft Visual Studio Solution File, Format Version 12.00
# Visual Studio 15
VisualStudioVersion = 15.0.27703.2000
MinimumVisualStudioVersion = 10.0.40219.1
Project("{FAE04EC0-301F-11D3-BF4B-00C04F79EFBC}") = "RemoteClient", "src\RemoteClient\RemoteClient.csproj", "{BA7D7C1A-37E4-41D6-AF8C-ACCECE938B9A}"
EndProject
Project("{FAE04EC0-301F-11D3-BF4B-00C04F79EFBC}") = "RemoteClientLib", "src\RemoteClientLib\RemoteClientLib.csproj", "{46501C04-6648-49A8-A2BE-1D29C84FE11F}"
EndProject
Project("{FAE04EC0-301F-11D3-BF4B-00C04F79EFBC}") = "RemoteClientLibUpdater", "src\RemoteClientLibUpdater\RemoteClientLibUpdater.csproj", "{ED420CC9-E6A0-4F31-9D30-32F4F349F53C}"
EndProject
Project("{FAE04EC0-301F-11D3-BF4B-00C04F79EFBC}") = "RemoteClientUpdater", "src\RemoteClientUpdater\RemoteClientUpdater.csproj", "{462C02EE-DF73-41B5-80D9-50E3E1598162}"
EndProject
Project("{FAE04EC0-301F-11D3-BF4B-00C04F79EFBC}") = "RemoteServer", "src\RemoteServer\RemoteServer.csproj", "{A08F9115-47E9-4263-9AE6-92C3EA046493}"
EndProject
Project("{FAE04EC0-301F-11D3-BF4B-00C04F79EFBC}") = "RemoteServerLib", "src\RemoteServerLib\RemoteServerLib.csproj", "{5FFD093C-A2CD-4652-8D1D-4E80A2639496}"
EndProject
Project("{2150E333-8FDC-42A3-9474-1A3956D46DE8}") = "sql-scripts", "sql-scripts", "{72532EA8-05FA-4710-A19A-220C3F2093E0}"
	ProjectSection(SolutionItems) = preProject
		sql-scripts\UMS ( 01 ) Server Solution SQL.sql = sql-scripts\UMS ( 01 ) Server Solution SQL.sql
		sql-scripts\UMS ( 02 ) Registrar Solution SQL.sql = sql-scripts\UMS ( 02 ) Registrar Solution SQL.sql
		sql-scripts\UMS ( 03 ) Payroll Solutions SQL.sql = sql-scripts\UMS ( 03 ) Payroll Solutions SQL.sql
		sql-scripts\UMS ( 04 ) Finance Solutions Student SQL.sql = sql-scripts\UMS ( 04 ) Finance Solutions Student SQL.sql
		sql-scripts\UMS ( 05 ) Finance Solutions SQL.sql = sql-scripts\UMS ( 05 ) Finance Solutions SQL.sql
		sql-scripts\UMS ( 06 ) Office Solutions SQL.sql = sql-scripts\UMS ( 06 ) Office Solutions SQL.sql
		sql-scripts\UMS ( 07 ) Attendance Solutions SQL.sql = sql-scripts\UMS ( 07 ) Attendance Solutions SQL.sql
		sql-scripts\UMS ( 08 ) Person Triggers and Procedures Dependent to Other Tables SQL.sql = sql-scripts\UMS ( 08 ) Person Triggers and Procedures Dependent to Other Tables SQL.sql
		sql-scripts\UMS Maintenance Queries.sql = sql-scripts\UMS Maintenance Queries.sql
		sql-scripts\UMS Rebuild Indexes.sql = sql-scripts\UMS Rebuild Indexes.sql
		sql-scripts\UMS Server Solution Schema, Login, Users SQL (Reformat and Attachment).sql = sql-scripts\UMS Server Solution Schema, Login, Users SQL (Reformat and Attachment).sql
		sql-scripts\UMS Server Solution Schema, Login, Users SQL.sql = sql-scripts\UMS Server Solution Schema, Login, Users SQL.sql
	EndProjectSection
EndProject
Global
	GlobalSection(SolutionConfigurationPlatforms) = preSolution
		Debug|Any CPU = Debug|Any CPU
		Release|Any CPU = Release|Any CPU
	EndGlobalSection
	GlobalSection(ProjectConfigurationPlatforms) = postSolution
		{BA7D7C1A-37E4-41D6-AF8C-ACCECE938B9A}.Debug|Any CPU.ActiveCfg = Debug|Any CPU
		{BA7D7C1A-37E4-41D6-AF8C-ACCECE938B9A}.Debug|Any CPU.Build.0 = Debug|Any CPU
		{BA7D7C1A-37E4-41D6-AF8C-ACCECE938B9A}.Release|Any CPU.ActiveCfg = Release|Any CPU
		{BA7D7C1A-37E4-41D6-AF8C-ACCECE938B9A}.Release|Any CPU.Build.0 = Release|Any CPU
		{46501C04-6648-49A8-A2BE-1D29C84FE11F}.Debug|Any CPU.ActiveCfg = Debug|Any CPU
		{46501C04-6648-49A8-A2BE-1D29C84FE11F}.Debug|Any CPU.Build.0 = Debug|Any CPU
		{46501C04-6648-49A8-A2BE-1D29C84FE11F}.Release|Any CPU.ActiveCfg = Release|Any CPU
		{46501C04-6648-49A8-A2BE-1D29C84FE11F}.Release|Any CPU.Build.0 = Release|Any CPU
		{ED420CC9-E6A0-4F31-9D30-32F4F349F53C}.Debug|Any CPU.ActiveCfg = Debug|Any CPU
		{ED420CC9-E6A0-4F31-9D30-32F4F349F53C}.Debug|Any CPU.Build.0 = Debug|Any CPU
		{ED420CC9-E6A0-4F31-9D30-32F4F349F53C}.Release|Any CPU.ActiveCfg = Release|Any CPU
		{ED420CC9-E6A0-4F31-9D30-32F4F349F53C}.Release|Any CPU.Build.0 = Release|Any CPU
		{462C02EE-DF73-41B5-80D9-50E3E1598162}.Debug|Any CPU.ActiveCfg = Debug|Any CPU
		{462C02EE-DF73-41B5-80D9-50E3E1598162}.Debug|Any CPU.Build.0 = Debug|Any CPU
		{462C02EE-DF73-41B5-80D9-50E3E1598162}.Release|Any CPU.ActiveCfg = Release|Any CPU
		{462C02EE-DF73-41B5-80D9-50E3E1598162}.Release|Any CPU.Build.0 = Release|Any CPU
		{A08F9115-47E9-4263-9AE6-92C3EA046493}.Debug|Any CPU.ActiveCfg = Debug|Any CPU
		{A08F9115-47E9-4263-9AE6-92C3EA046493}.Debug|Any CPU.Build.0 = Debug|Any CPU
		{A08F9115-47E9-4263-9AE6-92C3EA046493}.Release|Any CPU.ActiveCfg = Release|Any CPU
		{A08F9115-47E9-4263-9AE6-92C3EA046493}.Release|Any CPU.Build.0 = Release|Any CPU
		{5FFD093C-A2CD-4652-8D1D-4E80A2639496}.Debug|Any CPU.ActiveCfg = Debug|Any CPU
		{5FFD093C-A2CD-4652-8D1D-4E80A2639496}.Debug|Any CPU.Build.0 = Debug|Any CPU
		{5FFD093C-A2CD-4652-8D1D-4E80A2639496}.Release|Any CPU.ActiveCfg = Release|Any CPU
		{5FFD093C-A2CD-4652-8D1D-4E80A2639496}.Release|Any CPU.Build.0 = Release|Any CPU
	EndGlobalSection
	GlobalSection(SolutionProperties) = preSolution
		HideSolutionNode = FALSE
	EndGlobalSection
	GlobalSection(ExtensibilityGlobals) = postSolution
		SolutionGuid = {7C897C30-CFEF-4A2D-86AD-1F9A9F3C6B88}
	EndGlobalSection
EndGlobal
